
Microsoft Visual Studio Solution File, Format Version 12.00
Project("{2150E333-8FDC-42A3-9474-1A3956D46DE8}") = "src", "src", "{9C431A44-708F-4822-8559-570C1B3D3880}"
EndProject
Project("{2150E333-8FDC-42A3-9474-1A3956D46DE8}") = "Core", "Core", "{53D4DDDB-19AE-4D35-902D-34ED751E9D4D}"
EndProject
Project("{2150E333-8FDC-42A3-9474-1A3956D46DE8}") = "External", "External", "{CAD8675D-CD37-471A-85DC-DBA8982D0A22}"
EndProject
Project("{FAE04EC0-301F-11D3-BF4B-00C04F79EFBC}") = "Domain", "Domain\Domain.csproj", "{E70757EA-3A97-4B09-85D1-1704B2ADFC43}"
EndProject
Project("{FAE04EC0-301F-11D3-BF4B-00C04F79EFBC}") = "Application", "Application\Application.csproj", "{69F8C18E-498A-4799-A97E-0827447FDE30}"
EndProject
Project("{FAE04EC0-301F-11D3-BF4B-00C04F79EFBC}") = "Infrastructure", "Infrastructure\Infrastructure.csproj", "{3BCB3327-CEC1-41A6-929E-F695E292655B}"
EndProject
Project("{2150E333-8FDC-42A3-9474-1A3956D46DE8}") = "Presentation", "Presentation", "{2C9A16EF-C8FD-4663-9326-14079DEC8EEE}"
EndProject
Project("{FAE04EC0-301F-11D3-BF4B-00C04F79EFBC}") = "WebApp", "WebApp\WebApp\WebApp.csproj", "{1CD97F6D-4D9F-4358-9AE3-C56F91C12482}"
EndProject
Project("{FAE04EC0-301F-11D3-BF4B-00C04F79EFBC}") = "WebApp.Client", "WebApp\WebApp.Client\WebApp.Client.csproj", "{C793FD05-2B33-48FC-A7F0-CA88098B5B66}"
EndProject
Project("{2150E333-8FDC-42A3-9474-1A3956D46DE8}") = "Tests", "Tests", "{E8A1C1DE-FC85-4C72-B7B0-268144FD94DE}"
EndProject
Project("{FAE04EC0-301F-11D3-BF4B-00C04F79EFBC}") = "Domain.Tests", "Domain.Tests\Domain.Tests.csproj", "{F4F58DE2-E3B8-41D5-8B5F-BC18319F3FD6}"
EndProject
Project("{FAE04EC0-301F-11D3-BF4B-00C04F79EFBC}") = "Application.Tests", "Application.Tests\Application.Tests.csproj", "{BA80E1F8-B68B-462D-A921-62D7358B549A}"
EndProject
Project("{FAE04EC0-301F-11D3-BF4B-00C04F79EFBC}") = "Infrastructure.Tests", "Infrastructure.Tests\Infrastructure.Tests.csproj", "{E31C531F-E1BC-4908-B367-9B9444125E7A}"
EndProject
Project("{FAE04EC0-301F-11D3-BF4B-00C04F79EFBC}") = "Presentation.Tests", "Presentation.Tests\Presentation.Tests.csproj", "{5100C25F-22A1-4697-A08C-430FBDF88562}"
EndProject
Global
	GlobalSection(SolutionConfigurationPlatforms) = preSolution
		Debug|Any CPU = Debug|Any CPU
		Release|Any CPU = Release|Any CPU
	EndGlobalSection
	GlobalSection(ProjectConfigurationPlatforms) = postSolution
		{E70757EA-3A97-4B09-85D1-1704B2ADFC43}.Debug|Any CPU.ActiveCfg = Debug|Any CPU
		{E70757EA-3A97-4B09-85D1-1704B2ADFC43}.Debug|Any CPU.Build.0 = Debug|Any CPU
		{E70757EA-3A97-4B09-85D1-1704B2ADFC43}.Release|Any CPU.ActiveCfg = Release|Any CPU
		{E70757EA-3A97-4B09-85D1-1704B2ADFC43}.Release|Any CPU.Build.0 = Release|Any CPU
		{69F8C18E-498A-4799-A97E-0827447FDE30}.Debug|Any CPU.ActiveCfg = Debug|Any CPU
		{69F8C18E-498A-4799-A97E-0827447FDE30}.Debug|Any CPU.Build.0 = Debug|Any CPU
		{69F8C18E-498A-4799-A97E-0827447FDE30}.Release|Any CPU.ActiveCfg = Release|Any CPU
		{69F8C18E-498A-4799-A97E-0827447FDE30}.Release|Any CPU.Build.0 = Release|Any CPU
		{3BCB3327-CEC1-41A6-929E-F695E292655B}.Debug|Any CPU.ActiveCfg = Debug|Any CPU
		{3BCB3327-CEC1-41A6-929E-F695E292655B}.Debug|Any CPU.Build.0 = Debug|Any CPU
		{3BCB3327-CEC1-41A6-929E-F695E292655B}.Release|Any CPU.ActiveCfg = Release|Any CPU
		{3BCB3327-CEC1-41A6-929E-F695E292655B}.Release|Any CPU.Build.0 = Release|Any CPU
		{1CD97F6D-4D9F-4358-9AE3-C56F91C12482}.Debug|Any CPU.ActiveCfg = Debug|Any CPU
		{1CD97F6D-4D9F-4358-9AE3-C56F91C12482}.Debug|Any CPU.Build.0 = Debug|Any CPU
		{1CD97F6D-4D9F-4358-9AE3-C56F91C12482}.Release|Any CPU.ActiveCfg = Release|Any CPU
		{1CD97F6D-4D9F-4358-9AE3-C56F91C12482}.Release|Any CPU.Build.0 = Release|Any CPU
		{C793FD05-2B33-48FC-A7F0-CA88098B5B66}.Debug|Any CPU.ActiveCfg = Debug|Any CPU
		{C793FD05-2B33-48FC-A7F0-CA88098B5B66}.Debug|Any CPU.Build.0 = Debug|Any CPU
		{C793FD05-2B33-48FC-A7F0-CA88098B5B66}.Release|Any CPU.ActiveCfg = Release|Any CPU
		{C793FD05-2B33-48FC-A7F0-CA88098B5B66}.Release|Any CPU.Build.0 = Release|Any CPU
		{F4F58DE2-E3B8-41D5-8B5F-BC18319F3FD6}.Debug|Any CPU.ActiveCfg = Debug|Any CPU
		{F4F58DE2-E3B8-41D5-8B5F-BC18319F3FD6}.Debug|Any CPU.Build.0 = Debug|Any CPU
		{F4F58DE2-E3B8-41D5-8B5F-BC18319F3FD6}.Release|Any CPU.ActiveCfg = Release|Any CPU
		{F4F58DE2-E3B8-41D5-8B5F-BC18319F3FD6}.Release|Any CPU.Build.0 = Release|Any CPU
		{BA80E1F8-B68B-462D-A921-62D7358B549A}.Debug|Any CPU.ActiveCfg = Debug|Any CPU
		{BA80E1F8-B68B-462D-A921-62D7358B549A}.Debug|Any CPU.Build.0 = Debug|Any CPU
		{BA80E1F8-B68B-462D-A921-62D7358B549A}.Release|Any CPU.ActiveCfg = Release|Any CPU
		{BA80E1F8-B68B-462D-A921-62D7358B549A}.Release|Any CPU.Build.0 = Release|Any CPU
		{E31C531F-E1BC-4908-B367-9B9444125E7A}.Debug|Any CPU.ActiveCfg = Debug|Any CPU
		{E31C531F-E1BC-4908-B367-9B9444125E7A}.Debug|Any CPU.Build.0 = Debug|Any CPU
		{E31C531F-E1BC-4908-B367-9B9444125E7A}.Release|Any CPU.ActiveCfg = Release|Any CPU
		{E31C531F-E1BC-4908-B367-9B9444125E7A}.Release|Any CPU.Build.0 = Release|Any CPU
		{5100C25F-22A1-4697-A08C-430FBDF88562}.Debug|Any CPU.ActiveCfg = Debug|Any CPU
		{5100C25F-22A1-4697-A08C-430FBDF88562}.Debug|Any CPU.Build.0 = Debug|Any CPU
		{5100C25F-22A1-4697-A08C-430FBDF88562}.Release|Any CPU.ActiveCfg = Release|Any CPU
		{5100C25F-22A1-4697-A08C-430FBDF88562}.Release|Any CPU.Build.0 = Release|Any CPU
	EndGlobalSection
	GlobalSection(NestedProjects) = preSolution
		{53D4DDDB-19AE-4D35-902D-34ED751E9D4D} = {9C431A44-708F-4822-8559-570C1B3D3880}
		{CAD8675D-CD37-471A-85DC-DBA8982D0A22} = {9C431A44-708F-4822-8559-570C1B3D3880}
		{E70757EA-3A97-4B09-85D1-1704B2ADFC43} = {53D4DDDB-19AE-4D35-902D-34ED751E9D4D}
		{69F8C18E-498A-4799-A97E-0827447FDE30} = {53D4DDDB-19AE-4D35-902D-34ED751E9D4D}
		{3BCB3327-CEC1-41A6-929E-F695E292655B} = {CAD8675D-CD37-471A-85DC-DBA8982D0A22}
		{2C9A16EF-C8FD-4663-9326-14079DEC8EEE} = {CAD8675D-CD37-471A-85DC-DBA8982D0A22}
		{1CD97F6D-4D9F-4358-9AE3-C56F91C12482} = {2C9A16EF-C8FD-4663-9326-14079DEC8EEE}
		{C793FD05-2B33-48FC-A7F0-CA88098B5B66} = {2C9A16EF-C8FD-4663-9326-14079DEC8EEE}
		{E8A1C1DE-FC85-4C72-B7B0-268144FD94DE} = {9C431A44-708F-4822-8559-570C1B3D3880}
		{F4F58DE2-E3B8-41D5-8B5F-BC18319F3FD6} = {E8A1C1DE-FC85-4C72-B7B0-268144FD94DE}
		{BA80E1F8-B68B-462D-A921-62D7358B549A} = {E8A1C1DE-FC85-4C72-B7B0-268144FD94DE}
		{E31C531F-E1BC-4908-B367-9B9444125E7A} = {E8A1C1DE-FC85-4C72-B7B0-268144FD94DE}
		{5100C25F-22A1-4697-A08C-430FBDF88562} = {E8A1C1DE-FC85-4C72-B7B0-268144FD94DE}
	EndGlobalSection
EndGlobal
